
Microsoft Visual Studio Solution File, Format Version 12.00
# Visual Studio Version 16
VisualStudioVersion = 16.0.31205.134
MinimumVisualStudioVersion = 10.0.40219.1
Project("{9A19103F-16F7-4668-BE54-9A1E7A4F7556}") = "GenerateRDF", "GenerateRDF\GenerateRDF.csproj", "{7EEE0A03-CA1D-4CE3-B4E4-8E30C01481D8}"
EndProject
Project("{9A19103F-16F7-4668-BE54-9A1E7A4F7556}") = "Resources", "Resources\Resources.csproj", "{FFE2ACD3-2BB4-4E15-A67D-E108993BEAFE}"
EndProject
Project("{9A19103F-16F7-4668-BE54-9A1E7A4F7556}") = "RDFEngine", "RDFEngine\RDFEngine.csproj", "{BA3CA959-A946-4B76-AB47-3429F305DB1E}"
EndProject
Project("{9A19103F-16F7-4668-BE54-9A1E7A4F7556}") = "FactographyView", "FactographyView\FactographyView.csproj", "{8A030740-F622-4998-A48E-ABE5F74A8407}"
EndProject
Project("{9A19103F-16F7-4668-BE54-9A1E7A4F7556}") = "KonstantinFactografyView", "KonstantinFactografyView\KonstantinFactografyView.csproj", "{CD6224D0-66E3-4773-B54A-D2D316822FE1}"
EndProject
Project("{9A19103F-16F7-4668-BE54-9A1E7A4F7556}") = "ConsoleTester", "ConsoleTester\ConsoleTester.csproj", "{36674049-4510-4BF5-B23C-869BA7E9BB94}"
EndProject
Project("{9A19103F-16F7-4668-BE54-9A1E7A4F7556}") = "ViewPortraitConsoleKonstantin", "ViewPortraitConsoleKonstantin\ViewPortraitConsoleKonstantin.csproj", "{1E99FB99-8F16-4ECD-8D34-1C62238533A9}"
EndProject
Project("{9A19103F-16F7-4668-BE54-9A1E7A4F7556}") = "KonstantinSimpleWebApp", "KonstantinSimpleWebApp\KonstantinSimpleWebApp.csproj", "{9F61377E-49A3-4FCD-8B7B-3330C786648B}"
EndProject
Project("{9A19103F-16F7-4668-BE54-9A1E7A4F7556}") = "Konstantin3", "Konstantin3\Konstantin3.csproj", "{75CF784F-7D62-43A5-B995-2A6D028FEDA7}"
EndProject
Project("{9A19103F-16F7-4668-BE54-9A1E7A4F7556}") = "SQLKonstantin", "SQLKonstantin\SQLKonstantin.csproj", "{515D8BF0-056C-46BB-AC91-E79C3CF9B667}"
EndProject
Project("{9A19103F-16F7-4668-BE54-9A1E7A4F7556}") = "SQLConsole", "SQLConsole\SQLConsole.csproj", "{9AC209EB-29D7-4528-8093-DF2327DF74B2}"
EndProject
Project("{9A19103F-16F7-4668-BE54-9A1E7A4F7556}") = "MVCAppKonstantin", "MVCAppKonstantin\MVCAppKonstantin.csproj", "{65CA0D9B-E303-41DB-8881-A1DA549B809E}"
EndProject
Project("{9A19103F-16F7-4668-BE54-9A1E7A4F7556}") = "ViewHTab", "ViewHTab\ViewHTab.csproj", "{F6EF6359-8325-4CD9-BCC2-C45342FCA246}"
EndProject
Project("{9A19103F-16F7-4668-BE54-9A1E7A4F7556}") = "BlazorServer", "BlazorServer\BlazorServer.csproj", "{61D04581-3B5B-4155-B175-3E0C586E3934}"
EndProject
Global
	GlobalSection(SolutionConfigurationPlatforms) = preSolution
		Debug|Any CPU = Debug|Any CPU
		Release|Any CPU = Release|Any CPU
	EndGlobalSection
	GlobalSection(ProjectConfigurationPlatforms) = postSolution
		{7EEE0A03-CA1D-4CE3-B4E4-8E30C01481D8}.Debug|Any CPU.ActiveCfg = Debug|Any CPU
		{7EEE0A03-CA1D-4CE3-B4E4-8E30C01481D8}.Debug|Any CPU.Build.0 = Debug|Any CPU
		{7EEE0A03-CA1D-4CE3-B4E4-8E30C01481D8}.Release|Any CPU.ActiveCfg = Release|Any CPU
		{7EEE0A03-CA1D-4CE3-B4E4-8E30C01481D8}.Release|Any CPU.Build.0 = Release|Any CPU
		{FFE2ACD3-2BB4-4E15-A67D-E108993BEAFE}.Debug|Any CPU.ActiveCfg = Debug|Any CPU
		{FFE2ACD3-2BB4-4E15-A67D-E108993BEAFE}.Debug|Any CPU.Build.0 = Debug|Any CPU
		{FFE2ACD3-2BB4-4E15-A67D-E108993BEAFE}.Release|Any CPU.ActiveCfg = Release|Any CPU
		{FFE2ACD3-2BB4-4E15-A67D-E108993BEAFE}.Release|Any CPU.Build.0 = Release|Any CPU
		{BA3CA959-A946-4B76-AB47-3429F305DB1E}.Debug|Any CPU.ActiveCfg = Debug|Any CPU
		{BA3CA959-A946-4B76-AB47-3429F305DB1E}.Debug|Any CPU.Build.0 = Debug|Any CPU
		{BA3CA959-A946-4B76-AB47-3429F305DB1E}.Release|Any CPU.ActiveCfg = Release|Any CPU
		{BA3CA959-A946-4B76-AB47-3429F305DB1E}.Release|Any CPU.Build.0 = Release|Any CPU
		{8A030740-F622-4998-A48E-ABE5F74A8407}.Debug|Any CPU.ActiveCfg = Debug|Any CPU
		{8A030740-F622-4998-A48E-ABE5F74A8407}.Debug|Any CPU.Build.0 = Debug|Any CPU
		{8A030740-F622-4998-A48E-ABE5F74A8407}.Release|Any CPU.ActiveCfg = Release|Any CPU
		{8A030740-F622-4998-A48E-ABE5F74A8407}.Release|Any CPU.Build.0 = Release|Any CPU
		{CD6224D0-66E3-4773-B54A-D2D316822FE1}.Debug|Any CPU.ActiveCfg = Debug|Any CPU
		{CD6224D0-66E3-4773-B54A-D2D316822FE1}.Debug|Any CPU.Build.0 = Debug|Any CPU
		{CD6224D0-66E3-4773-B54A-D2D316822FE1}.Release|Any CPU.ActiveCfg = Release|Any CPU
		{CD6224D0-66E3-4773-B54A-D2D316822FE1}.Release|Any CPU.Build.0 = Release|Any CPU
		{36674049-4510-4BF5-B23C-869BA7E9BB94}.Debug|Any CPU.ActiveCfg = Debug|Any CPU
		{36674049-4510-4BF5-B23C-869BA7E9BB94}.Debug|Any CPU.Build.0 = Debug|Any CPU
		{36674049-4510-4BF5-B23C-869BA7E9BB94}.Release|Any CPU.ActiveCfg = Release|Any CPU
		{36674049-4510-4BF5-B23C-869BA7E9BB94}.Release|Any CPU.Build.0 = Release|Any CPU
		{1E99FB99-8F16-4ECD-8D34-1C62238533A9}.Debug|Any CPU.ActiveCfg = Debug|Any CPU
		{1E99FB99-8F16-4ECD-8D34-1C62238533A9}.Debug|Any CPU.Build.0 = Debug|Any CPU
		{1E99FB99-8F16-4ECD-8D34-1C62238533A9}.Release|Any CPU.ActiveCfg = Release|Any CPU
		{1E99FB99-8F16-4ECD-8D34-1C62238533A9}.Release|Any CPU.Build.0 = Release|Any CPU
		{9F61377E-49A3-4FCD-8B7B-3330C786648B}.Debug|Any CPU.ActiveCfg = Debug|Any CPU
		{9F61377E-49A3-4FCD-8B7B-3330C786648B}.Debug|Any CPU.Build.0 = Debug|Any CPU
		{9F61377E-49A3-4FCD-8B7B-3330C786648B}.Release|Any CPU.ActiveCfg = Release|Any CPU
		{9F61377E-49A3-4FCD-8B7B-3330C786648B}.Release|Any CPU.Build.0 = Release|Any CPU
		{75CF784F-7D62-43A5-B995-2A6D028FEDA7}.Debug|Any CPU.ActiveCfg = Debug|Any CPU
		{75CF784F-7D62-43A5-B995-2A6D028FEDA7}.Debug|Any CPU.Build.0 = Debug|Any CPU
		{75CF784F-7D62-43A5-B995-2A6D028FEDA7}.Release|Any CPU.ActiveCfg = Release|Any CPU
		{75CF784F-7D62-43A5-B995-2A6D028FEDA7}.Release|Any CPU.Build.0 = Release|Any CPU
		{515D8BF0-056C-46BB-AC91-E79C3CF9B667}.Debug|Any CPU.ActiveCfg = Debug|Any CPU
		{515D8BF0-056C-46BB-AC91-E79C3CF9B667}.Debug|Any CPU.Build.0 = Debug|Any CPU
		{515D8BF0-056C-46BB-AC91-E79C3CF9B667}.Release|Any CPU.ActiveCfg = Release|Any CPU
		{515D8BF0-056C-46BB-AC91-E79C3CF9B667}.Release|Any CPU.Build.0 = Release|Any CPU
		{9AC209EB-29D7-4528-8093-DF2327DF74B2}.Debug|Any CPU.ActiveCfg = Debug|Any CPU
		{9AC209EB-29D7-4528-8093-DF2327DF74B2}.Debug|Any CPU.Build.0 = Debug|Any CPU
		{9AC209EB-29D7-4528-8093-DF2327DF74B2}.Release|Any CPU.ActiveCfg = Release|Any CPU
		{9AC209EB-29D7-4528-8093-DF2327DF74B2}.Release|Any CPU.Build.0 = Release|Any CPU
		{65CA0D9B-E303-41DB-8881-A1DA549B809E}.Debug|Any CPU.ActiveCfg = Debug|Any CPU
		{65CA0D9B-E303-41DB-8881-A1DA549B809E}.Debug|Any CPU.Build.0 = Debug|Any CPU
		{65CA0D9B-E303-41DB-8881-A1DA549B809E}.Release|Any CPU.ActiveCfg = Release|Any CPU
		{65CA0D9B-E303-41DB-8881-A1DA549B809E}.Release|Any CPU.Build.0 = Release|Any CPU
		{F6EF6359-8325-4CD9-BCC2-C45342FCA246}.Debug|Any CPU.ActiveCfg = Debug|Any CPU
		{F6EF6359-8325-4CD9-BCC2-C45342FCA246}.Debug|Any CPU.Build.0 = Debug|Any CPU
		{F6EF6359-8325-4CD9-BCC2-C45342FCA246}.Release|Any CPU.ActiveCfg = Release|Any CPU
		{F6EF6359-8325-4CD9-BCC2-C45342FCA246}.Release|Any CPU.Build.0 = Release|Any CPU
		{61D04581-3B5B-4155-B175-3E0C586E3934}.Debug|Any CPU.ActiveCfg = Debug|Any CPU
		{61D04581-3B5B-4155-B175-3E0C586E3934}.Debug|Any CPU.Build.0 = Debug|Any CPU
		{61D04581-3B5B-4155-B175-3E0C586E3934}.Release|Any CPU.ActiveCfg = Release|Any CPU
		{61D04581-3B5B-4155-B175-3E0C586E3934}.Release|Any CPU.Build.0 = Release|Any CPU
	EndGlobalSection
	GlobalSection(SolutionProperties) = preSolution
		HideSolutionNode = FALSE
	EndGlobalSection
	GlobalSection(ExtensibilityGlobals) = postSolution
		SolutionGuid = {05C914C4-EB8F-44F0-A07B-F2F977D124B0}
	EndGlobalSection
EndGlobal
