
Microsoft Visual Studio Solution File, Format Version 12.00
# Visual Studio Version 17
VisualStudioVersion = 17.1.32319.34
MinimumVisualStudioVersion = 10.0.40219.1
Project("{9A19103F-16F7-4668-BE54-9A1E7A4F7556}") = "RDFEngine", "RDFEngine\RDFEngine.csproj", "{BA3CA959-A946-4B76-AB47-3429F305DB1E}"
EndProject
Project("{9A19103F-16F7-4668-BE54-9A1E7A4F7556}") = "BlazorServer", "BlazorServer\BlazorServer.csproj", "{61D04581-3B5B-4155-B175-3E0C586E3934}"
EndProject
Project("{9A19103F-16F7-4668-BE54-9A1E7A4F7556}") = "OAData", "OAData\OAData.csproj", "{89A0B165-B75A-40B9-8759-FE255AE0FE84}"
EndProject
Project("{9A19103F-16F7-4668-BE54-9A1E7A4F7556}") = "Polar.DB", "..\PolarDB\src\Polar.DB\Polar.DB.csproj", "{177775A1-03BB-4BC8-A101-95D99190FA94}"
EndProject
Project("{9A19103F-16F7-4668-BE54-9A1E7A4F7556}") = "Polar.TripleStore", "..\PolarDB\src\TripleStore\Polar.TripleStore.csproj", "{18AD7980-A582-4B7A-B1FA-C9C6A0DF1453}"
EndProject
Project("{9A19103F-16F7-4668-BE54-9A1E7A4F7556}") = "Polar.OModel", "..\PolarDB\Polar.OModel\Polar.OModel.csproj", "{F1B58C5C-001D-4D3E-B5D0-631BC712699B}"
EndProject
Global
	GlobalSection(SolutionConfigurationPlatforms) = preSolution
		Debug|Any CPU = Debug|Any CPU
		Release|Any CPU = Release|Any CPU
	EndGlobalSection
	GlobalSection(ProjectConfigurationPlatforms) = postSolution
		{BA3CA959-A946-4B76-AB47-3429F305DB1E}.Debug|Any CPU.ActiveCfg = Debug|Any CPU
		{BA3CA959-A946-4B76-AB47-3429F305DB1E}.Debug|Any CPU.Build.0 = Debug|Any CPU
		{BA3CA959-A946-4B76-AB47-3429F305DB1E}.Release|Any CPU.ActiveCfg = Release|Any CPU
		{BA3CA959-A946-4B76-AB47-3429F305DB1E}.Release|Any CPU.Build.0 = Release|Any CPU
		{61D04581-3B5B-4155-B175-3E0C586E3934}.Debug|Any CPU.ActiveCfg = Debug|Any CPU
		{61D04581-3B5B-4155-B175-3E0C586E3934}.Debug|Any CPU.Build.0 = Debug|Any CPU
		{61D04581-3B5B-4155-B175-3E0C586E3934}.Release|Any CPU.ActiveCfg = Release|Any CPU
		{61D04581-3B5B-4155-B175-3E0C586E3934}.Release|Any CPU.Build.0 = Release|Any CPU
		{89A0B165-B75A-40B9-8759-FE255AE0FE84}.Debug|Any CPU.ActiveCfg = Debug|Any CPU
		{89A0B165-B75A-40B9-8759-FE255AE0FE84}.Debug|Any CPU.Build.0 = Debug|Any CPU
		{89A0B165-B75A-40B9-8759-FE255AE0FE84}.Release|Any CPU.ActiveCfg = Release|Any CPU
		{89A0B165-B75A-40B9-8759-FE255AE0FE84}.Release|Any CPU.Build.0 = Release|Any CPU
		{177775A1-03BB-4BC8-A101-95D99190FA94}.Debug|Any CPU.ActiveCfg = Debug|Any CPU
		{177775A1-03BB-4BC8-A101-95D99190FA94}.Debug|Any CPU.Build.0 = Debug|Any CPU
		{177775A1-03BB-4BC8-A101-95D99190FA94}.Release|Any CPU.ActiveCfg = Release|Any CPU
		{177775A1-03BB-4BC8-A101-95D99190FA94}.Release|Any CPU.Build.0 = Release|Any CPU
		{18AD7980-A582-4B7A-B1FA-C9C6A0DF1453}.Debug|Any CPU.ActiveCfg = Debug|Any CPU
		{18AD7980-A582-4B7A-B1FA-C9C6A0DF1453}.Debug|Any CPU.Build.0 = Debug|Any CPU
		{18AD7980-A582-4B7A-B1FA-C9C6A0DF1453}.Release|Any CPU.ActiveCfg = Release|Any CPU
		{18AD7980-A582-4B7A-B1FA-C9C6A0DF1453}.Release|Any CPU.Build.0 = Release|Any CPU
		{F1B58C5C-001D-4D3E-B5D0-631BC712699B}.Debug|Any CPU.ActiveCfg = Debug|Any CPU
		{F1B58C5C-001D-4D3E-B5D0-631BC712699B}.Debug|Any CPU.Build.0 = Debug|Any CPU
		{F1B58C5C-001D-4D3E-B5D0-631BC712699B}.Release|Any CPU.ActiveCfg = Release|Any CPU
		{F1B58C5C-001D-4D3E-B5D0-631BC712699B}.Release|Any CPU.Build.0 = Release|Any CPU
	EndGlobalSection
	GlobalSection(SolutionProperties) = preSolution
		HideSolutionNode = FALSE
	EndGlobalSection
	GlobalSection(ExtensibilityGlobals) = postSolution
		SolutionGuid = {05C914C4-EB8F-44F0-A07B-F2F977D124B0}
	EndGlobalSection
EndGlobal
