
Microsoft Visual Studio Solution File, Format Version 12.00
# Visual Studio Version 16
VisualStudioVersion = 16.0.31205.134
MinimumVisualStudioVersion = 10.0.40219.1
Project("{9A19103F-16F7-4668-BE54-9A1E7A4F7556}") = "GenerateRDF", "GenerateRDF\GenerateRDF.csproj", "{7EEE0A03-CA1D-4CE3-B4E4-8E30C01481D8}"
EndProject
Project("{9A19103F-16F7-4668-BE54-9A1E7A4F7556}") = "Resources", "Resources\Resources.csproj", "{FFE2ACD3-2BB4-4E15-A67D-E108993BEAFE}"
EndProject
Project("{9A19103F-16F7-4668-BE54-9A1E7A4F7556}") = "RDFEngine", "RDFEngine\RDFEngine.csproj", "{BA3CA959-A946-4B76-AB47-3429F305DB1E}"
EndProject
Project("{9A19103F-16F7-4668-BE54-9A1E7A4F7556}") = "TesterConsole", "TesterConsole\TesterConsole.csproj", "{0D57F738-F92D-49E8-B8D4-A4193742DBBA}"
EndProject
Project("{9A19103F-16F7-4668-BE54-9A1E7A4F7556}") = "FactographyView", "FactographyView\FactographyView.csproj", "{8A030740-F622-4998-A48E-ABE5F74A8407}"
EndProject
Project("{9A19103F-16F7-4668-BE54-9A1E7A4F7556}") = "KonstantinFactografyView", "KonstantinFactografyView\KonstantinFactografyView.csproj", "{CD6224D0-66E3-4773-B54A-D2D316822FE1}"
EndProject
Project("{FAE04EC0-301F-11D3-BF4B-00C04F79EFBC}") = "Konstantin2", "Konstantin2\Konstantin2.csproj", "{BB7DB2DB-D324-4AF8-A94C-FDAE6B3817BD}"
EndProject
Global
	GlobalSection(SolutionConfigurationPlatforms) = preSolution
		Debug|Any CPU = Debug|Any CPU
		Release|Any CPU = Release|Any CPU
	EndGlobalSection
	GlobalSection(ProjectConfigurationPlatforms) = postSolution
		{7EEE0A03-CA1D-4CE3-B4E4-8E30C01481D8}.Debug|Any CPU.ActiveCfg = Debug|Any CPU
		{7EEE0A03-CA1D-4CE3-B4E4-8E30C01481D8}.Debug|Any CPU.Build.0 = Debug|Any CPU
		{7EEE0A03-CA1D-4CE3-B4E4-8E30C01481D8}.Release|Any CPU.ActiveCfg = Release|Any CPU
		{7EEE0A03-CA1D-4CE3-B4E4-8E30C01481D8}.Release|Any CPU.Build.0 = Release|Any CPU
		{FFE2ACD3-2BB4-4E15-A67D-E108993BEAFE}.Debug|Any CPU.ActiveCfg = Debug|Any CPU
		{FFE2ACD3-2BB4-4E15-A67D-E108993BEAFE}.Debug|Any CPU.Build.0 = Debug|Any CPU
		{FFE2ACD3-2BB4-4E15-A67D-E108993BEAFE}.Release|Any CPU.ActiveCfg = Release|Any CPU
		{FFE2ACD3-2BB4-4E15-A67D-E108993BEAFE}.Release|Any CPU.Build.0 = Release|Any CPU
		{BA3CA959-A946-4B76-AB47-3429F305DB1E}.Debug|Any CPU.ActiveCfg = Debug|Any CPU
		{BA3CA959-A946-4B76-AB47-3429F305DB1E}.Debug|Any CPU.Build.0 = Debug|Any CPU
		{BA3CA959-A946-4B76-AB47-3429F305DB1E}.Release|Any CPU.ActiveCfg = Release|Any CPU
		{BA3CA959-A946-4B76-AB47-3429F305DB1E}.Release|Any CPU.Build.0 = Release|Any CPU
		{0D57F738-F92D-49E8-B8D4-A4193742DBBA}.Debug|Any CPU.ActiveCfg = Debug|Any CPU
		{0D57F738-F92D-49E8-B8D4-A4193742DBBA}.Debug|Any CPU.Build.0 = Debug|Any CPU
		{0D57F738-F92D-49E8-B8D4-A4193742DBBA}.Release|Any CPU.ActiveCfg = Release|Any CPU
		{0D57F738-F92D-49E8-B8D4-A4193742DBBA}.Release|Any CPU.Build.0 = Release|Any CPU
		{8A030740-F622-4998-A48E-ABE5F74A8407}.Debug|Any CPU.ActiveCfg = Debug|Any CPU
		{8A030740-F622-4998-A48E-ABE5F74A8407}.Debug|Any CPU.Build.0 = Debug|Any CPU
		{8A030740-F622-4998-A48E-ABE5F74A8407}.Release|Any CPU.ActiveCfg = Release|Any CPU
		{8A030740-F622-4998-A48E-ABE5F74A8407}.Release|Any CPU.Build.0 = Release|Any CPU
		{CD6224D0-66E3-4773-B54A-D2D316822FE1}.Debug|Any CPU.ActiveCfg = Debug|Any CPU
		{CD6224D0-66E3-4773-B54A-D2D316822FE1}.Debug|Any CPU.Build.0 = Debug|Any CPU
		{CD6224D0-66E3-4773-B54A-D2D316822FE1}.Release|Any CPU.ActiveCfg = Release|Any CPU
		{CD6224D0-66E3-4773-B54A-D2D316822FE1}.Release|Any CPU.Build.0 = Release|Any CPU
		{BB7DB2DB-D324-4AF8-A94C-FDAE6B3817BD}.Debug|Any CPU.ActiveCfg = Debug|Any CPU
		{BB7DB2DB-D324-4AF8-A94C-FDAE6B3817BD}.Debug|Any CPU.Build.0 = Debug|Any CPU
		{BB7DB2DB-D324-4AF8-A94C-FDAE6B3817BD}.Release|Any CPU.ActiveCfg = Release|Any CPU
		{BB7DB2DB-D324-4AF8-A94C-FDAE6B3817BD}.Release|Any CPU.Build.0 = Release|Any CPU
	EndGlobalSection
	GlobalSection(SolutionProperties) = preSolution
		HideSolutionNode = FALSE
	EndGlobalSection
	GlobalSection(ExtensibilityGlobals) = postSolution
		SolutionGuid = {05C914C4-EB8F-44F0-A07B-F2F977D124B0}
	EndGlobalSection
EndGlobal
