
Microsoft Visual Studio Solution File, Format Version 12.00
# Visual Studio Version 16
VisualStudioVersion = 16.0.31424.327
MinimumVisualStudioVersion = 10.0.40219.1
Project("{FAE04EC0-301F-11D3-BF4B-00C04F79EFBC}") = "ATMApp", "ATMApp\ATMApp.csproj", "{F99F581A-5BBD-4F6C-A4C5-B3793A9F6912}"
EndProject
Project("{FAE04EC0-301F-11D3-BF4B-00C04F79EFBC}") = "TextEditorConsoleApp", "..\TextEditorConsoleApp\TextEditorConsoleApp.csproj", "{6DF673F2-2101-45BF-B70E-CB580022911C}"
EndProject
Global
	GlobalSection(SolutionConfigurationPlatforms) = preSolution
		Debug|Any CPU = Debug|Any CPU
		Release|Any CPU = Release|Any CPU
	EndGlobalSection
	GlobalSection(ProjectConfigurationPlatforms) = postSolution
		{F99F581A-5BBD-4F6C-A4C5-B3793A9F6912}.Debug|Any CPU.ActiveCfg = Debug|Any CPU
		{F99F581A-5BBD-4F6C-A4C5-B3793A9F6912}.Debug|Any CPU.Build.0 = Debug|Any CPU
		{F99F581A-5BBD-4F6C-A4C5-B3793A9F6912}.Release|Any CPU.ActiveCfg = Release|Any CPU
		{F99F581A-5BBD-4F6C-A4C5-B3793A9F6912}.Release|Any CPU.Build.0 = Release|Any CPU
		{6DF673F2-2101-45BF-B70E-CB580022911C}.Debug|Any CPU.ActiveCfg = Debug|Any CPU
		{6DF673F2-2101-45BF-B70E-CB580022911C}.Debug|Any CPU.Build.0 = Debug|Any CPU
		{6DF673F2-2101-45BF-B70E-CB580022911C}.Release|Any CPU.ActiveCfg = Release|Any CPU
		{6DF673F2-2101-45BF-B70E-CB580022911C}.Release|Any CPU.Build.0 = Release|Any CPU
	EndGlobalSection
	GlobalSection(SolutionProperties) = preSolution
		HideSolutionNode = FALSE
	EndGlobalSection
	GlobalSection(ExtensibilityGlobals) = postSolution
		SolutionGuid = {B818722F-1AC7-49B3-926A-046C8A518022}
	EndGlobalSection
EndGlobal
